hash: acbf8cb77eb18f37105a18f0eacd89b0dd6b67c092e49bf7ce2f0727537bf495
updated: 2016-11-28T09:37:09.096033744+08:00
imports:
- name: github.com/BurntSushi/toml
  version: 056c9bc7be7190eaa7715723883caffa5f8fa3e4
- name: github.com/juju/errors
  version: 6f54ff6318409d31ff16261533ce2c8381a4fd5d
- name: github.com/ngaut/log
  version: cec23d3e10b016363780d894a0eb732a12c06e02
- name: github.com/satori/go.uuid
  version: 879c5887cd475cd7864858769793b2ceb0d44feb
- name: github.com/siddontang/go
  version: 354e14e6c093c661abb29fd28403b3c19cff5514
  subpackages:
  - hack
  - ioutil2
  - sync2
- name: github.com/siddontang/go-mysql
  version: c613854ad91bd232088dffa070efd4d022fc3152
  subpackages:
  - canal
  - client
  - dump
  - mysql
  - packet
  - replication
  - schema
- name: golang.org/x/net
  version: 6acef71eb69611914f7a30939ea9f6e194c78172
  subpackages:
  - context
- name: gopkg.in/check.v1
  version: 11d3bc7aa68e238947792f30573146a3231fc0f1
testImports: []
