# This file is autogenerated, do not edit; changes may be undone by the next 'dep ensure'.


[[projects]]
  name = "github.com/BurntSushi/toml"
  packages = ["."]
  revision = "b26d9c308763d68093482582cea63d69be07a0f0"
  version = "v0.3.0"

[[projects]]
  branch = "master"
  name = "github.com/juju/errors"
  packages = ["."]
  revision = "812b06ada1776ad4dd95d575e18ffffe3a9ac34a"

[[projects]]
  branch = "master"
  name = "github.com/pingcap/check"
  packages = ["."]
  revision = "1c287c953996ab3a0bf535dba9d53d809d3dc0b6"

[[projects]]
  name = "github.com/satori/go.uuid"
  packages = ["."]
  revision = "f58768cc1a7a7e77a3bd49e98cdd21419399b6a3"
  version = "v1.2.0"

[[projects]]
  name = "github.com/shopspring/decimal"
  packages = ["."]
  revision = "cd690d0c9e2447b1ef2a129a6b7b49077da89b8e"
  version = "1.1.0"

[[projects]]
  branch = "master"
  name = "github.com/siddontang/go"
  packages = [
    "hack",
    "ioutil2",
    "sync2"
  ]
  revision = "bdc77568d726a8702315ec4eafda030b6abc4f43"

[[projects]]
  branch = "master"
  name = "github.com/siddontang/go-log"
  packages = [
    "log",
    "loggers"
  ]
  revision = "a4d157e46fa3e08b7e7ff329af341fa3ff86c02c"

[[projects]]
  branch = "master"
  name = "github.com/siddontang/go-mysql"
  packages = [
    "canal",
    "client",
    "dump",
    "mysql",
    "packet",
    "replication",
    "schema"
  ]
  revision = "2d151e326c1a7193d6c374dba6fbb0db3435bf05"

[solve-meta]
  analyzer-name = "dep"
  analyzer-version = 1
  inputs-digest = "a44edb92429a19dab5e22a895bbcd4f8d98e67fb9e5f0d6c6899afe1a6517b59"
  solver-name = "gps-cdcl"
  solver-version = 1
