# This file is autogenerated, do not edit; changes may be undone by the next 'dep ensure'.


[[projects]]
  name = "github.com/BurntSushi/toml"
  packages = ["."]
  revision = "b26d9c308763d68093482582cea63d69be07a0f0"
  version = "v0.3.0"

[[projects]]
  branch = "master"
  name = "github.com/juju/errors"
  packages = ["."]
  revision = "c7d06af17c68cd34c835053720b21f6549d9b0ee"

[[projects]]
  branch = "master"
  name = "github.com/pingcap/check"
  packages = ["."]
  revision = "1c287c953996ab3a0bf535dba9d53d809d3dc0b6"

[[projects]]
  name = "github.com/satori/go.uuid"
  packages = ["."]
  revision = "f58768cc1a7a7e77a3bd49e98cdd21419399b6a3"
  version = "v1.2.0"

[[projects]]
  name = "github.com/shopspring/decimal"
  packages = ["."]
  revision = "69b3a8ad1f5f2c8bd855cb6506d18593064a346b"
  version = "1.0.1"

[[projects]]
  branch = "master"
  name = "github.com/siddontang/go"
  packages = [
    "hack",
    "ioutil2",
    "sync2"
  ]
  revision = "cb568a3e5cc06256f91a2da5a87455f717eb33f4"

[[projects]]
  branch = "master"
  name = "github.com/siddontang/go-mysql"
  packages = [
    "canal",
    "client",
    "dump",
    "mysql",
    "packet",
    "replication",
    "schema"
  ]
  revision = "919af6c46b676b3c5ea0856eafbff42660a6b0ce"

[[projects]]
  name = "github.com/sirupsen/logrus"
  packages = ["."]
  revision = "c155da19408a8799da419ed3eeb0cb5db0ad5dbc"
  version = "v1.0.5"

[[projects]]
  branch = "master"
  name = "golang.org/x/crypto"
  packages = ["ssh/terminal"]
  revision = "88942b9c40a4c9d203b82b3731787b672d6e809b"

[[projects]]
  branch = "master"
  name = "golang.org/x/sys"
  packages = [
    "unix",
    "windows"
  ]
  revision = "378d26f46672a356c46195c28f61bdb4c0a781dd"

[solve-meta]
  analyzer-name = "dep"
  analyzer-version = 1
  inputs-digest = "353e3eb701caf21aa4a48fa82fc732e77fa79033fd27bb4091c81dbdd0e57576"
  solver-name = "gps-cdcl"
  solver-version = 1
